
Microsoft Visual Studio Solution File, Format Version 12.00
# Visual Studio Version 17
VisualStudioVersion = 17.2.32602.215
MinimumVisualStudioVersion = 10.0.40219.1
Project("{FAE04EC0-301F-11D3-BF4B-00C04F79EFBC}") = "ShoeService_Api", "ShoeService_Api\ShoeService_Api.csproj", "{15DA239F-5BC9-4668-9D90-B23E04E67E48}"
EndProject
Project("{FAE04EC0-301F-11D3-BF4B-00C04F79EFBC}") = "ShoeService_Model", "ShoeService_Model\ShoeService_Model.csproj", "{D07E50FE-A543-4DD5-8E9C-B82538C6B46F}"
EndProject
Project("{FAE04EC0-301F-11D3-BF4B-00C04F79EFBC}") = "ShoeService_Data", "ShoeService_Data\ShoeService_Data.csproj", "{175E3B63-C56B-4D6E-A13F-8A6ADEAF239A}"
EndProject
Project("{FAE04EC0-301F-11D3-BF4B-00C04F79EFBC}") = "ShoeService_Common", "ShoeService_Common\ShoeService_Common.csproj", "{936728BE-1AB1-4CCF-9A32-1E357A94EAD7}"
EndProject
Project("{FAE04EC0-301F-11D3-BF4B-00C04F79EFBC}") = "ShoeService_UnitTest", "ShoeService_UnitTest\ShoeService_UnitTest.csproj", "{19D3B456-B9BD-466C-809A-584EE7D75435}"
EndProject
Global
	GlobalSection(SolutionConfigurationPlatforms) = preSolution
		Debug|Any CPU = Debug|Any CPU
		Release|Any CPU = Release|Any CPU
	EndGlobalSection
	GlobalSection(ProjectConfigurationPlatforms) = postSolution
		{15DA239F-5BC9-4668-9D90-B23E04E67E48}.Debug|Any CPU.ActiveCfg = Debug|Any CPU
		{15DA239F-5BC9-4668-9D90-B23E04E67E48}.Debug|Any CPU.Build.0 = Debug|Any CPU
		{15DA239F-5BC9-4668-9D90-B23E04E67E48}.Release|Any CPU.ActiveCfg = Release|Any CPU
		{15DA239F-5BC9-4668-9D90-B23E04E67E48}.Release|Any CPU.Build.0 = Release|Any CPU
		{D07E50FE-A543-4DD5-8E9C-B82538C6B46F}.Debug|Any CPU.ActiveCfg = Debug|Any CPU
		{D07E50FE-A543-4DD5-8E9C-B82538C6B46F}.Debug|Any CPU.Build.0 = Debug|Any CPU
		{D07E50FE-A543-4DD5-8E9C-B82538C6B46F}.Release|Any CPU.ActiveCfg = Release|Any CPU
		{D07E50FE-A543-4DD5-8E9C-B82538C6B46F}.Release|Any CPU.Build.0 = Release|Any CPU
		{175E3B63-C56B-4D6E-A13F-8A6ADEAF239A}.Debug|Any CPU.ActiveCfg = Debug|Any CPU
		{175E3B63-C56B-4D6E-A13F-8A6ADEAF239A}.Debug|Any CPU.Build.0 = Debug|Any CPU
		{175E3B63-C56B-4D6E-A13F-8A6ADEAF239A}.Release|Any CPU.ActiveCfg = Release|Any CPU
		{175E3B63-C56B-4D6E-A13F-8A6ADEAF239A}.Release|Any CPU.Build.0 = Release|Any CPU
		{936728BE-1AB1-4CCF-9A32-1E357A94EAD7}.Debug|Any CPU.ActiveCfg = Debug|Any CPU
		{936728BE-1AB1-4CCF-9A32-1E357A94EAD7}.Debug|Any CPU.Build.0 = Debug|Any CPU
		{936728BE-1AB1-4CCF-9A32-1E357A94EAD7}.Release|Any CPU.ActiveCfg = Release|Any CPU
		{936728BE-1AB1-4CCF-9A32-1E357A94EAD7}.Release|Any CPU.Build.0 = Release|Any CPU
		{19D3B456-B9BD-466C-809A-584EE7D75435}.Debug|Any CPU.ActiveCfg = Debug|Any CPU
		{19D3B456-B9BD-466C-809A-584EE7D75435}.Debug|Any CPU.Build.0 = Debug|Any CPU
		{19D3B456-B9BD-466C-809A-584EE7D75435}.Release|Any CPU.ActiveCfg = Release|Any CPU
		{19D3B456-B9BD-466C-809A-584EE7D75435}.Release|Any CPU.Build.0 = Release|Any CPU
	EndGlobalSection
	GlobalSection(SolutionProperties) = preSolution
		HideSolutionNode = FALSE
	EndGlobalSection
	GlobalSection(ExtensibilityGlobals) = postSolution
		SolutionGuid = {ECD1D073-2E3B-4BC0-B292-BC27924D4B47}
	EndGlobalSection
EndGlobal
